# This file was autogenerated by Stack.
# You should not edit this file by hand.
# For more information, please see the documentation at:
#   https://docs.haskellstack.org/en/stable/lock_files

packages:
- completed:
    hackage: JuicyPixels-3.3.9@sha256:8ccf945dfe1628b63985b0fd3a9b8248e9f5a2c1f2a75808c04b9fd530a04dbc,4045
    pantry-tree:
      sha256: d48b94ab2e9d0cf7ecb83bc465101d68c01e162b7e869b3a016feeea6426b301
      size: 2724
  original:
    hackage: JuicyPixels-3.3.9
- completed:
    hackage: text-2.1.1@sha256:78c3fb91055d0607a80453327f087b9dc82168d41d0dca3ff410d21033b5e87d,10653
    pantry-tree:
      sha256: 8251d517ceafa2680250ddb939f4a2b89bf231314cf6a218134af900e154d7cd
      size: 8413
  original:
    hackage: text-2.1.1
- completed:
    hackage: extra-1.7.14@sha256:e3d3ce1dc7746b1132930e48c59fb5e8c51a09e92e0c031316be031067a273fb,2707
    pantry-tree:
      sha256: 22bd4bbf11717a50e009bbbcb685038d1a45799c71abaf993edd93edcd0b2bc2
      size: 1960
  original:
    hackage: extra-1.7.14
snapshots:
- completed:
    sha256: 9bebedd3de0195aa01fd55de7f6d4446667440297a7315e69cd72c2610af265f
    size: 713338
    url: https://raw.githubusercontent.com/commercialhaskell/stackage-snapshots/master/lts/22/18.yaml
  original:
    url: https://raw.githubusercontent.com/commercialhaskell/stackage-snapshots/master/lts/22/18.yaml
